
Microsoft Visual Studio Solution File, Format Version 12.00
# Visual Studio 15
VisualStudioVersion = 15.0.27428.2015
MinimumVisualStudioVersion = 10.0.40219.1
Project("{FAE04EC0-301F-11D3-BF4B-00C04F79EFBC}") = "Computer_Creator", "Computer_Creator\Computer_Creator.csproj", "{754D81B1-E7E5-4B82-90D1-D49CA6EE530E}"
EndProject
Project("{FAE04EC0-301F-11D3-BF4B-00C04F79EFBC}") = "Template", "Template\Template.csproj", "{6C1BA4B4-88FC-44F6-BB3A-6CA61B56F7F8}"
EndProject
Project("{FAE04EC0-301F-11D3-BF4B-00C04F79EFBC}") = "Logging_Provider", "Logging_Provider\Logging_Provider.csproj", "{55A55A80-C995-4DD7-9415-E7499E9237C0}"
EndProject
Global
	GlobalSection(SolutionConfigurationPlatforms) = preSolution
		Debug|Any CPU = Debug|Any CPU
		Release|Any CPU = Release|Any CPU
	EndGlobalSection
	GlobalSection(ProjectConfigurationPlatforms) = postSolution
		{754D81B1-E7E5-4B82-90D1-D49CA6EE530E}.Debug|Any CPU.ActiveCfg = Debug|Any CPU
		{754D81B1-E7E5-4B82-90D1-D49CA6EE530E}.Debug|Any CPU.Build.0 = Debug|Any CPU
		{754D81B1-E7E5-4B82-90D1-D49CA6EE530E}.Release|Any CPU.ActiveCfg = Release|Any CPU
		{754D81B1-E7E5-4B82-90D1-D49CA6EE530E}.Release|Any CPU.Build.0 = Release|Any CPU
		{6C1BA4B4-88FC-44F6-BB3A-6CA61B56F7F8}.Debug|Any CPU.ActiveCfg = Debug|Any CPU
		{6C1BA4B4-88FC-44F6-BB3A-6CA61B56F7F8}.Debug|Any CPU.Build.0 = Debug|Any CPU
		{6C1BA4B4-88FC-44F6-BB3A-6CA61B56F7F8}.Release|Any CPU.ActiveCfg = Release|Any CPU
		{6C1BA4B4-88FC-44F6-BB3A-6CA61B56F7F8}.Release|Any CPU.Build.0 = Release|Any CPU
		{55A55A80-C995-4DD7-9415-E7499E9237C0}.Debug|Any CPU.ActiveCfg = Debug|Any CPU
		{55A55A80-C995-4DD7-9415-E7499E9237C0}.Debug|Any CPU.Build.0 = Debug|Any CPU
		{55A55A80-C995-4DD7-9415-E7499E9237C0}.Release|Any CPU.ActiveCfg = Release|Any CPU
		{55A55A80-C995-4DD7-9415-E7499E9237C0}.Release|Any CPU.Build.0 = Release|Any CPU
	EndGlobalSection
	GlobalSection(SolutionProperties) = preSolution
		HideSolutionNode = FALSE
	EndGlobalSection
	GlobalSection(ExtensibilityGlobals) = postSolution
		SolutionGuid = {4CF141D0-F963-43B6-89C1-3C2A31B227C4}
	EndGlobalSection
EndGlobal
