
Microsoft Visual Studio Solution File, Format Version 12.00
# Visual Studio 15
VisualStudioVersion = 15.0.27428.2015
MinimumVisualStudioVersion = 10.0.40219.1
Project("{FAE04EC0-301F-11D3-BF4B-00C04F79EFBC}") = "Store", "Store\Store.csproj", "{01E140D9-ADF8-4881-92C9-93DB951BEB9A}"
EndProject
Project("{FAE04EC0-301F-11D3-BF4B-00C04F79EFBC}") = "Colors", "Colors\Colors.csproj", "{34F682C3-4C76-4731-BF32-AB72689CA6D0}"
EndProject
Project("{FAE04EC0-301F-11D3-BF4B-00C04F79EFBC}") = "Shapes", "Shapes\Shapes.csproj", "{C5AC89A9-4F34-4279-B5C4-CB59E11DDAC7}"
EndProject
Global
	GlobalSection(SolutionConfigurationPlatforms) = preSolution
		Debug|Any CPU = Debug|Any CPU
		Release|Any CPU = Release|Any CPU
	EndGlobalSection
	GlobalSection(ProjectConfigurationPlatforms) = postSolution
		{01E140D9-ADF8-4881-92C9-93DB951BEB9A}.Debug|Any CPU.ActiveCfg = Debug|Any CPU
		{01E140D9-ADF8-4881-92C9-93DB951BEB9A}.Debug|Any CPU.Build.0 = Debug|Any CPU
		{01E140D9-ADF8-4881-92C9-93DB951BEB9A}.Release|Any CPU.ActiveCfg = Release|Any CPU
		{01E140D9-ADF8-4881-92C9-93DB951BEB9A}.Release|Any CPU.Build.0 = Release|Any CPU
		{34F682C3-4C76-4731-BF32-AB72689CA6D0}.Debug|Any CPU.ActiveCfg = Debug|Any CPU
		{34F682C3-4C76-4731-BF32-AB72689CA6D0}.Debug|Any CPU.Build.0 = Debug|Any CPU
		{34F682C3-4C76-4731-BF32-AB72689CA6D0}.Release|Any CPU.ActiveCfg = Release|Any CPU
		{34F682C3-4C76-4731-BF32-AB72689CA6D0}.Release|Any CPU.Build.0 = Release|Any CPU
		{C5AC89A9-4F34-4279-B5C4-CB59E11DDAC7}.Debug|Any CPU.ActiveCfg = Debug|Any CPU
		{C5AC89A9-4F34-4279-B5C4-CB59E11DDAC7}.Debug|Any CPU.Build.0 = Debug|Any CPU
		{C5AC89A9-4F34-4279-B5C4-CB59E11DDAC7}.Release|Any CPU.ActiveCfg = Release|Any CPU
		{C5AC89A9-4F34-4279-B5C4-CB59E11DDAC7}.Release|Any CPU.Build.0 = Release|Any CPU
	EndGlobalSection
	GlobalSection(SolutionProperties) = preSolution
		HideSolutionNode = FALSE
	EndGlobalSection
	GlobalSection(ExtensibilityGlobals) = postSolution
		SolutionGuid = {DCB36CBC-4312-41CC-88F8-0C76087A98CA}
	EndGlobalSection
EndGlobal
